
Microsoft Visual Studio Solution File, Format Version 12.00
# Visual Studio Version 17
VisualStudioVersion = 17.14.36310.24 d17.14
MinimumVisualStudioVersion = 10.0.40219.1
Project("{FAE04EC0-301F-11D3-BF4B-00C04F79EFBC}") = "WebhookReceiver", "WebhookReceiver\WebhookReceiver.csproj", "{453A62C7-37A6-4F23-BCE7-14253D60B8D4}"
EndProject
Global
	GlobalSection(SolutionConfigurationPlatforms) = preSolution
		Debug|Any CPU = Debug|Any CPU
		Release|Any CPU = Release|Any CPU
	EndGlobalSection
	GlobalSection(ProjectConfigurationPlatforms) = postSolution
		{453A62C7-37A6-4F23-BCE7-14253D60B8D4}.Debug|Any CPU.ActiveCfg = Debug|Any CPU
		{453A62C7-37A6-4F23-BCE7-14253D60B8D4}.Debug|Any CPU.Build.0 = Debug|Any CPU
		{453A62C7-37A6-4F23-BCE7-14253D60B8D4}.Release|Any CPU.ActiveCfg = Release|Any CPU
		{453A62C7-37A6-4F23-BCE7-14253D60B8D4}.Release|Any CPU.Build.0 = Release|Any CPU
	EndGlobalSection
	GlobalSection(SolutionProperties) = preSolution
		HideSolutionNode = FALSE
	EndGlobalSection
	GlobalSection(ExtensibilityGlobals) = postSolution
		SolutionGuid = {26BA10D6-18C1-40D5-8B31-545F2440455F}
	EndGlobalSection
EndGlobal
